{
  "projects": [
    {
      "projectId": "ohDidvG9XsCeFumugENU3J",
      "version": "4.6.0",
      "dependencies": {},
      "lang": "ts",
      "fileLocks": [
        {
          "assetId": "ohDidvG9XsCeFumugENU3J",
          "type": "projectCss",
          "checksum": "fd83b730367fdbde2c69bc6cf31c2a3c"
        },
        {
          "assetId": "ohDidvG9XsCeFumugENU3J",
          "checksum": "8f45a75070e2f0edc34a4dc3d5f6b736",
          "type": "globalContexts"
        }
      ],
      "codegenVersion": "0.0.1"
    },
    {
      "projectId": "r3ASNrnyvLLLAtDvzUioQ",
      "version": "3.15.0",
      "dependencies": {},
      "lang": "ts",
      "fileLocks": [
        {
          "assetId": "r3ASNrnyvLLLAtDvzUioQ",
          "type": "projectCss",
          "checksum": "97ec772be5160e37b26814fd84fdccb9"
        }
      ],
      "codegenVersion": "0.0.1"
    },
    {
      "projectId": "58GpZjZCWTaJ8AUhpCwt2K",
      "version": "3.16.0",
      "dependencies": {},
      "lang": "ts",
      "fileLocks": [
        {
          "assetId": "58GpZjZCWTaJ8AUhpCwt2K",
          "type": "projectCss",
          "checksum": "fd84921cc10936e6ceb458c2ae01c4bd"
        }
      ],
      "codegenVersion": "0.0.1"
    },
    {
      "projectId": "kLBHGn3Vn82YBnTDGnqJfk",
      "version": "latest",
      "dependencies": {
        "58GpZjZCWTaJ8AUhpCwt2K": "3.16.0",
        "r3ASNrnyvLLLAtDvzUioQ": "3.15.0",
        "ohDidvG9XsCeFumugENU3J": "4.6.0",
        "8PtdGodUbexNYgkuyBUcWu": "3.15.0"
      },
      "lang": "ts",
      "fileLocks": [
        {
          "type": "globalVariant",
          "assetId": "UmbX3s4mCKk91P",
          "checksum": "2812309451e8df7846837aec4d8ab4a9"
        },
        {
          "type": "globalVariant",
          "assetId": "d7Q4NeemMX",
          "checksum": "3159fe78d7a2e21795fe5b0caac7ddee"
        },
        {
          "assetId": "kLBHGn3Vn82YBnTDGnqJfk",
          "checksum": "e4572411ef5b3798e1cf2e4a42ed0571",
          "type": "globalContexts"
        },
        {
          "type": "renderModule",
          "assetId": "fj3lrR6bqiKN2",
          "checksum": "bc4f1afd8866f7ce68a184bc694b8e5e"
        },
        {
          "type": "cssRules",
          "assetId": "fj3lrR6bqiKN2",
          "checksum": "bc4f1afd8866f7ce68a184bc694b8e5e"
        },
        {
          "type": "renderModule",
          "assetId": "xEccbKJRBI9",
          "checksum": "3bcb0af4380de2137395ed8c561438eb"
        },
        {
          "type": "cssRules",
          "assetId": "xEccbKJRBI9",
          "checksum": "3bcb0af4380de2137395ed8c561438eb"
        },
        {
          "type": "renderModule",
          "assetId": "FxpPQ7-wWLy",
          "checksum": "bfc1ba8cf90de1057b2fed3ae7d5a8f8"
        },
        {
          "type": "cssRules",
          "assetId": "FxpPQ7-wWLy",
          "checksum": "bfc1ba8cf90de1057b2fed3ae7d5a8f8"
        },
        {
          "type": "icon",
          "assetId": "3VefNVZwxI7",
          "checksum": "caac709e508fad882d4148099d6fa831"
        },
        {
          "type": "icon",
          "assetId": "nuudgiLMynC",
          "checksum": "dc11a139630456f3eb2f6851f576e2d2"
        },
        {
          "type": "icon",
          "assetId": "logztJZIqxF",
          "checksum": "be82426b57635a8dc2b1c11011fb1a6b"
        },
        {
          "assetId": "kLBHGn3Vn82YBnTDGnqJfk",
          "type": "projectCss",
          "checksum": "950cd9eba184c572b14b51e677439b7f"
        },
        {
          "type": "renderModule",
          "assetId": "Tj6Oe-jFTy",
          "checksum": "e28de5c15c9ee79fe97e36ae5e262f94"
        },
        {
          "type": "cssRules",
          "assetId": "Tj6Oe-jFTy",
          "checksum": "e28de5c15c9ee79fe97e36ae5e262f94"
        },
        {
          "type": "renderModule",
          "assetId": "FST3lsHJsh",
          "checksum": "c379b3af32f94c429117a039880317de"
        },
        {
          "type": "cssRules",
          "assetId": "FST3lsHJsh",
          "checksum": "c379b3af32f94c429117a039880317de"
        },
        {
          "type": "renderModule",
          "assetId": "JUJxh7K9DX",
          "checksum": "45dc9e66db059fd8bf1d4b883318fab4"
        },
        {
          "type": "cssRules",
          "assetId": "JUJxh7K9DX",
          "checksum": "45dc9e66db059fd8bf1d4b883318fab4"
        },
        {
          "type": "renderModule",
          "assetId": "emTkYl4Ziw",
          "checksum": "3c66dd530971cf9a98ef4ec289ce7265"
        },
        {
          "type": "cssRules",
          "assetId": "emTkYl4Ziw",
          "checksum": "3c66dd530971cf9a98ef4ec289ce7265"
        },
        {
          "type": "renderModule",
          "assetId": "WRM0BEC3CS",
          "checksum": "2af12fcd9e4a07bb71a307765c5b8f27"
        },
        {
          "type": "cssRules",
          "assetId": "WRM0BEC3CS",
          "checksum": "2af12fcd9e4a07bb71a307765c5b8f27"
        },
        {
          "type": "renderModule",
          "assetId": "sSdXxYFyEs",
          "checksum": "1e631e2f7266de658a8036da78dcc395"
        },
        {
          "type": "cssRules",
          "assetId": "sSdXxYFyEs",
          "checksum": "1e631e2f7266de658a8036da78dcc395"
        },
        {
          "type": "icon",
          "assetId": "Gqwa6DeJAl",
          "checksum": "983f306edf938a6362dc2f431c0f6952"
        },
        {
          "type": "icon",
          "assetId": "aDyTX0prrq",
          "checksum": "73dc98a8f74045a6dcc48facca674439"
        },
        {
          "type": "icon",
          "assetId": "9MkRSXMJEb",
          "checksum": "b0c42c1ba0bfbb8e9b7900869c1ef4d7"
        },
        {
          "type": "icon",
          "assetId": "t8W2xcAuVE",
          "checksum": "b8615c6301e36c4f3a5ebe083f29c111"
        },
        {
          "type": "icon",
          "assetId": "7W0-Fdcas_",
          "checksum": "f8e0dcbba8c108ab147b47226548880b"
        },
        {
          "type": "image",
          "assetId": "VE5gkv7bXH",
          "checksum": "a84da924ff2bee3d9be0441fb54c1456"
        }
      ],
      "codegenVersion": "0.0.1"
    },
    {
      "projectId": "8PtdGodUbexNYgkuyBUcWu",
      "version": "3.15.0",
      "dependencies": {},
      "lang": "ts",
      "fileLocks": [
        {
          "assetId": "8PtdGodUbexNYgkuyBUcWu",
          "type": "projectCss",
          "checksum": "078b5be9aa4a8ea2a39b36c771c25aaa"
        },
        {
          "assetId": "8PtdGodUbexNYgkuyBUcWu",
          "checksum": "c48776bba1b3886e93349ddfa619cee9",
          "type": "globalContexts"
        }
      ],
      "codegenVersion": "0.0.1"
    }
  ],
  "cliVersion": "0.1.294"
}
