{
  "projects": [
    {
      "projectId": "ohDidvG9XsCeFumugENU3J",
      "version": "4.6.0",
      "dependencies": {},
      "lang": "ts",
      "fileLocks": [
        {
          "assetId": "ohDidvG9XsCeFumugENU3J",
          "type": "projectCss",
          "checksum": "fd83b730367fdbde2c69bc6cf31c2a3c"
        },
        {
          "assetId": "ohDidvG9XsCeFumugENU3J",
          "checksum": "8f45a75070e2f0edc34a4dc3d5f6b736",
          "type": "globalContexts"
        }
      ],
      "codegenVersion": "0.0.1"
    },
    {
      "projectId": "r3ASNrnyvLLLAtDvzUioQ",
      "version": "3.15.0",
      "dependencies": {},
      "lang": "ts",
      "fileLocks": [
        {
          "assetId": "r3ASNrnyvLLLAtDvzUioQ",
          "type": "projectCss",
          "checksum": "97ec772be5160e37b26814fd84fdccb9"
        }
      ],
      "codegenVersion": "0.0.1"
    },
    {
      "projectId": "58GpZjZCWTaJ8AUhpCwt2K",
      "version": "3.16.0",
      "dependencies": {},
      "lang": "ts",
      "fileLocks": [
        {
          "assetId": "58GpZjZCWTaJ8AUhpCwt2K",
          "type": "projectCss",
          "checksum": "fd84921cc10936e6ceb458c2ae01c4bd"
        }
      ],
      "codegenVersion": "0.0.1"
    },
    {
      "projectId": "kLBHGn3Vn82YBnTDGnqJfk",
      "version": "latest",
      "dependencies": {
        "58GpZjZCWTaJ8AUhpCwt2K": "3.16.0",
        "r3ASNrnyvLLLAtDvzUioQ": "3.15.0",
        "ohDidvG9XsCeFumugENU3J": "4.6.0"
      },
      "lang": "ts",
      "fileLocks": [
        {
          "type": "globalVariant",
          "assetId": "UmbX3s4mCKk91P",
          "checksum": "802a7b2887b42c7ebfcef9c68cd10ba5"
        },
        {
          "type": "globalVariant",
          "assetId": "d7Q4NeemMX",
          "checksum": "3159fe78d7a2e21795fe5b0caac7ddee"
        },
        {
          "assetId": "kLBHGn3Vn82YBnTDGnqJfk",
          "type": "projectCss",
          "checksum": "a34b7aa7958e0a19b200a26a6787ff2e"
        },
        {
          "assetId": "kLBHGn3Vn82YBnTDGnqJfk",
          "checksum": "f507e46e546044fbbb2a63bdb14ce442",
          "type": "globalContexts"
        },
        {
          "type": "renderModule",
          "assetId": "fj3lrR6bqiKN2",
          "checksum": "9d9e7c543aa692e55b290d614e72fa1a"
        },
        {
          "type": "cssRules",
          "assetId": "fj3lrR6bqiKN2",
          "checksum": "9d9e7c543aa692e55b290d614e72fa1a"
        },
        {
          "type": "renderModule",
          "assetId": "xEccbKJRBI9",
          "checksum": "3bcb0af4380de2137395ed8c561438eb"
        },
        {
          "type": "cssRules",
          "assetId": "xEccbKJRBI9",
          "checksum": "3bcb0af4380de2137395ed8c561438eb"
        },
        {
          "type": "renderModule",
          "assetId": "FxpPQ7-wWLy",
          "checksum": "bfc1ba8cf90de1057b2fed3ae7d5a8f8"
        },
        {
          "type": "cssRules",
          "assetId": "FxpPQ7-wWLy",
          "checksum": "bfc1ba8cf90de1057b2fed3ae7d5a8f8"
        },
        {
          "type": "icon",
          "assetId": "3VefNVZwxI7",
          "checksum": "caac709e508fad882d4148099d6fa831"
        },
        {
          "type": "icon",
          "assetId": "nuudgiLMynC",
          "checksum": "dc11a139630456f3eb2f6851f576e2d2"
        },
        {
          "type": "icon",
          "assetId": "logztJZIqxF",
          "checksum": "be82426b57635a8dc2b1c11011fb1a6b"
        }
      ],
      "codegenVersion": "0.0.1"
    }
  ],
  "cliVersion": "0.1.294"
}
